// !$*UTF8*$!
{
	archiveVersion = 1;
	classes = {
	};
	objectVersion = 56;
	objects = {

/* Begin PBXBuildFile section */
		091DA729DF332A031A84F715 /* VoiceToolRunnerTests.swift in Sources */ = {isa = PBXBuildFile; fileRef = 2B4509B5C94F65C5466E3ADE /* VoiceToolRunnerTests.swift */; };
		213AE766AAD6238AEA08C2A9 /* PCMConverter.swift in Sources */ = {isa = PBXBuildFile; fileRef = 0B274147B0BE9AA6A6ADDF78 /* PCMConverter.swift */; };
		24D4DDC9D7378629E9037704 /* GeminiLiveClientTests.swift in Sources */ = {isa = PBXBuildFile; fileRef = 5DE4D0615E3C63C4C9EE2206 /* GeminiLiveClientTests.swift */; };
		2ABFDD16D062601B9E6B3852 /* GeminiLiveCodec.swift in Sources */ = {isa = PBXBuildFile; fileRef = 099C971A1946B0E892D9358A /* GeminiLiveCodec.swift */; };
		2ED6AA4CE512DAAFEB6C3404 /* VoiceView.swift in Sources */ = {isa = PBXBuildFile; fileRef = A1DFADA16CF47BFC609852F9 /* VoiceView.swift */; };
		321751B615B790F311E52249 /* VoiceToolRunner.swift in Sources */ = {isa = PBXBuildFile; fileRef = 89532A21EDFEC837F0AB3A5C /* VoiceToolRunner.swift */; };
		369AFB32F99C2B9FB565EEE3 /* ChatLayoutBudgetTests.swift in Sources */ = {isa = PBXBuildFile; fileRef = 6A272834699FEDEC1F4899A5 /* ChatLayoutBudgetTests.swift */; };
		3ED19B4DB96F7326A74A511D /* EphemeralTokenTests.swift in Sources */ = {isa = PBXBuildFile; fileRef = 0E3A27173FF16F5E7DBC2003 /* EphemeralTokenTests.swift */; };
		655619EB2F1F9C5B87CD3B8E /* VoiceTranscript.swift in Sources */ = {isa = PBXBuildFile; fileRef = 03E11DABDDB4EA90D97100D9 /* VoiceTranscript.swift */; };
		9CAF6331AB1E68F9BE224900 /* VoiceTranscriptTests.swift in Sources */ = {isa = PBXBuildFile; fileRef = 17887174AB0CD6F959485BF1 /* VoiceTranscriptTests.swift */; };
		A10001 /* FamilyAssistantApp.swift in Sources */ = {isa = PBXBuildFile; fileRef = B10001 /* FamilyAssistantApp.swift */; };
		A10002 /* ContentView.swift in Sources */ = {isa = PBXBuildFile; fileRef = B10002 /* ContentView.swift */; };
		A10003 /* KeychainHelper.swift in Sources */ = {isa = PBXBuildFile; fileRef = B10003 /* KeychainHelper.swift */; };
		A10004 /* AuthManager.swift in Sources */ = {isa = PBXBuildFile; fileRef = B10004 /* AuthManager.swift */; };
		A10005 /* SetupView.swift in Sources */ = {isa = PBXBuildFile; fileRef = B10005 /* SetupView.swift */; };
		A10006 /* WebViewContainer.swift in Sources */ = {isa = PBXBuildFile; fileRef = B10006 /* WebViewContainer.swift */; };
		A10008 /* Assets.xcassets in Resources */ = {isa = PBXBuildFile; fileRef = B10008 /* Assets.xcassets */; };
		7A1C0FE3D24B8915C0770001 /* PrivacyInfo.xcprivacy in Resources */ = {isa = PBXBuildFile; fileRef = 7A1C0FE3D24B8915C0770002 /* PrivacyInfo.xcprivacy */; };
		A10009 /* AppDelegate.swift in Sources */ = {isa = PBXBuildFile; fileRef = B10011 /* AppDelegate.swift */; };
		A10010 /* NotificationManager.swift in Sources */ = {isa = PBXBuildFile; fileRef = B10012 /* NotificationManager.swift */; };
		A10011 /* AppRouting.swift in Sources */ = {isa = PBXBuildFile; fileRef = B10014 /* AppRouting.swift */; };
		A10013 /* NotesAPIClient.swift in Sources */ = {isa = PBXBuildFile; fileRef = B10016 /* NotesAPIClient.swift */; };
		A10014 /* NotesRootView.swift in Sources */ = {isa = PBXBuildFile; fileRef = B10017 /* NotesRootView.swift */; };
		A10015 /* NotesListView.swift in Sources */ = {isa = PBXBuildFile; fileRef = B10018 /* NotesListView.swift */; };
		A10016 /* NoteDetailView.swift in Sources */ = {isa = PBXBuildFile; fileRef = B10019 /* NoteDetailView.swift */; };
		A10017 /* NoteEditorView.swift in Sources */ = {isa = PBXBuildFile; fileRef = B10020 /* NoteEditorView.swift */; };
		A10018 /* UITestConfiguration.swift in Sources */ = {isa = PBXBuildFile; fileRef = B10021 /* UITestConfiguration.swift */; };
		A10019 /* ChatModels.swift in Sources */ = {isa = PBXBuildFile; fileRef = B10022 /* ChatModels.swift */; };
		A10020 /* ChatAPIClient.swift in Sources */ = {isa = PBXBuildFile; fileRef = B10023 /* ChatAPIClient.swift */; };
		A10021 /* SSEParser.swift in Sources */ = {isa = PBXBuildFile; fileRef = B10024 /* SSEParser.swift */; };
		A10047 /* PathMonitoring.swift in Sources */ = {isa = PBXBuildFile; fileRef = B10047 /* PathMonitoring.swift */; };
		A10048 /* SyncCoordinator.swift in Sources */ = {isa = PBXBuildFile; fileRef = B10048 /* SyncCoordinator.swift */; };
		A10049 /* ActiveTurnSession.swift in Sources */ = {isa = PBXBuildFile; fileRef = B10049 /* ActiveTurnSession.swift */; };
		A10022 /* ChatViewModel.swift in Sources */ = {isa = PBXBuildFile; fileRef = B10025 /* ChatViewModel.swift */; };
		A10023 /* ChatViews.swift in Sources */ = {isa = PBXBuildFile; fileRef = B10026 /* ChatViews.swift */; };
		A10024 /* Markdown in Frameworks */ = {isa = PBXBuildFile; productRef = H10002 /* Markdown */; };
		A10025 /* ConfirmationModalView.swift in Sources */ = {isa = PBXBuildFile; fileRef = B10027 /* ConfirmationModalView.swift */; };
		A10030 /* RootTabView.swift in Sources */ = {isa = PBXBuildFile; fileRef = B10030 /* RootTabView.swift */; };
		A10031 /* WebDestinationView.swift in Sources */ = {isa = PBXBuildFile; fileRef = B10031 /* WebDestinationView.swift */; };
		A10032 /* MoreTabView.swift in Sources */ = {isa = PBXBuildFile; fileRef = B10032 /* MoreTabView.swift */; };
		A10040 /* IntentSupport.swift in Sources */ = {isa = PBXBuildFile; fileRef = B10040 /* IntentSupport.swift */; };
		A10041 /* AskAssistantIntent.swift in Sources */ = {isa = PBXBuildFile; fileRef = B10041 /* AskAssistantIntent.swift */; };
		A10042 /* QuickCaptureIntent.swift in Sources */ = {isa = PBXBuildFile; fileRef = B10042 /* QuickCaptureIntent.swift */; };
		A10043 /* CreateNoteIntent.swift in Sources */ = {isa = PBXBuildFile; fileRef = B10043 /* CreateNoteIntent.swift */; };
		A10044 /* OpenConversationIntent.swift in Sources */ = {isa = PBXBuildFile; fileRef = B10044 /* OpenConversationIntent.swift */; };
		A10045 /* AssistantReplySnippet.swift in Sources */ = {isa = PBXBuildFile; fileRef = B10045 /* AssistantReplySnippet.swift */; };
		A10046 /* FamilyAssistantAppShortcuts.swift in Sources */ = {isa = PBXBuildFile; fileRef = B10046 /* FamilyAssistantAppShortcuts.swift */; };
		A10050 /* ErrorReporter.swift in Sources */ = {isa = PBXBuildFile; fileRef = B10050 /* ErrorReporter.swift */; };
		A10051 /* ResyncOrchestrator.swift in Sources */ = {isa = PBXBuildFile; fileRef = B10051 /* ResyncOrchestrator.swift */; };
		A10052 /* ChatErrorClassifier.swift in Sources */ = {isa = PBXBuildFile; fileRef = B10052 /* ChatErrorClassifier.swift */; };
		A10053 /* SharedConversationView.swift in Sources */ = {isa = PBXBuildFile; fileRef = B10053 /* SharedConversationView.swift */; };
		A20001 /* RouteTests.swift in Sources */ = {isa = PBXBuildFile; fileRef = B20002 /* RouteTests.swift */; };
		A20002 /* NotesModelTests.swift in Sources */ = {isa = PBXBuildFile; fileRef = B20003 /* NotesModelTests.swift */; };
		A20003 /* NotesAPIClientTests.swift in Sources */ = {isa = PBXBuildFile; fileRef = B20004 /* NotesAPIClientTests.swift */; };
		A20004 /* AuthManagerTests.swift in Sources */ = {isa = PBXBuildFile; fileRef = B20005 /* AuthManagerTests.swift */; };
		A20005 /* NotificationManagerTests.swift in Sources */ = {isa = PBXBuildFile; fileRef = B20006 /* NotificationManagerTests.swift */; };
		A20006 /* ChatAPIClientTests.swift in Sources */ = {isa = PBXBuildFile; fileRef = B20007 /* ChatAPIClientTests.swift */; };
		A20007 /* SSEParserTests.swift in Sources */ = {isa = PBXBuildFile; fileRef = B20008 /* SSEParserTests.swift */; };
		A20021 /* StubPathMonitor.swift in Sources */ = {isa = PBXBuildFile; fileRef = B20021 /* StubPathMonitor.swift */; };
		A20022 /* SyncCoordinatorTests.swift in Sources */ = {isa = PBXBuildFile; fileRef = B20022 /* SyncCoordinatorTests.swift */; };
		A20023 /* ResyncOrchestratorTests.swift in Sources */ = {isa = PBXBuildFile; fileRef = B20023 /* ResyncOrchestratorTests.swift */; };
		A20024 /* ChatErrorClassifierTests.swift in Sources */ = {isa = PBXBuildFile; fileRef = B20024 /* ChatErrorClassifierTests.swift */; };
		A20008 /* ChatViewModelTests.swift in Sources */ = {isa = PBXBuildFile; fileRef = B20009 /* ChatViewModelTests.swift */; };
		A20009 /* MarkdownRendererTests.swift in Sources */ = {isa = PBXBuildFile; fileRef = B20010 /* MarkdownRendererTests.swift */; };
		A20010 /* ToolRenderingTests.swift in Sources */ = {isa = PBXBuildFile; fileRef = B20011 /* ToolRenderingTests.swift */; };
		A20011 /* ConfirmationModalModelTests.swift in Sources */ = {isa = PBXBuildFile; fileRef = B20012 /* ConfirmationModalModelTests.swift */; };
		A20012 /* AppIntentsTests.swift in Sources */ = {isa = PBXBuildFile; fileRef = B20013 /* AppIntentsTests.swift */; };
		A20020 /* ErrorReporterTests.swift in Sources */ = {isa = PBXBuildFile; fileRef = B20020 /* ErrorReporterTests.swift */; };
		A30001 /* FamilyAssistantUITests.swift in Sources */ = {isa = PBXBuildFile; fileRef = B30002 /* FamilyAssistantUITests.swift */; };
		A30010 /* ChatSceneWiringUITests.swift in Sources */ = {isa = PBXBuildFile; fileRef = B30010 /* ChatSceneWiringUITests.swift */; };
		B3D6F3BE9BB984B403AEE52E /* PCMConverterTests.swift in Sources */ = {isa = PBXBuildFile; fileRef = 34957746CE7E5DA61AC5149A /* PCMConverterTests.swift */; };
		B7AAF73E52D328506FAA7F4F /* GeminiLiveCodecTests.swift in Sources */ = {isa = PBXBuildFile; fileRef = E436E5C30F0972F78B8B2990 /* GeminiLiveCodecTests.swift */; };
		B7F030F107C950AD8C2BA887 /* VoiceSessionViewModelTests.swift in Sources */ = {isa = PBXBuildFile; fileRef = 9D5A200966EBAD61C16887A4 /* VoiceSessionViewModelTests.swift */; };
		4C5F6A7B8C9D0E1F2A3B4C5D /* SimulatorVoiceAudioIOTests.swift in Sources */ = {isa = PBXBuildFile; fileRef = 5D6E7F8091A2B3C4D5E6F708 /* SimulatorVoiceAudioIOTests.swift */; };
		D0F574A4B1DB1233913FABAD /* GeminiLiveModels.swift in Sources */ = {isa = PBXBuildFile; fileRef = D44CE4F8F09FB4DC3FBEB26F /* GeminiLiveModels.swift */; };
		DD63882BED34E2B8AC4AE7EA /* VoiceJSONValue.swift in Sources */ = {isa = PBXBuildFile; fileRef = 6D663DEDC405191D0833C9B6 /* VoiceJSONValue.swift */; };
		E8B69F70B36D06EDB7911C45 /* VoiceSessionViewModel.swift in Sources */ = {isa = PBXBuildFile; fileRef = BAFF01F579AC57F9B68D2E5D /* VoiceSessionViewModel.swift */; };
		EF5CFF1C03B3F01CCD627054 /* VoiceAudioEngine.swift in Sources */ = {isa = PBXBuildFile; fileRef = 191DF8A54918B2F460735453 /* VoiceAudioEngine.swift */; };
		EF8E1CBADFFFEADB737479EA /* GeminiLiveSocket.swift in Sources */ = {isa = PBXBuildFile; fileRef = 37DEFCC58E07BF48CF532F9D /* GeminiLiveSocket.swift */; };
		FD6DA9F02EC2DD763450746B /* GeminiLiveClient.swift in Sources */ = {isa = PBXBuildFile; fileRef = 0AC88843A54F47BA1012348A /* GeminiLiveClient.swift */; };
/* End PBXBuildFile section */

/* Begin PBXContainerItemProxy section */
		G20002 /* PBXContainerItemProxy */ = {
			isa = PBXContainerItemProxy;
			containerPortal = E10002 /* Project object */;
			proxyType = 1;
			remoteGlobalIDString = E10001;
			remoteInfo = FamilyAssistant;
		};
		G30002 /* PBXContainerItemProxy */ = {
			isa = PBXContainerItemProxy;
			containerPortal = E10002 /* Project object */;
			proxyType = 1;
			remoteGlobalIDString = E10001;
			remoteInfo = FamilyAssistant;
		};
/* End PBXContainerItemProxy section */

/* Begin PBXFileReference section */
		03E11DABDDB4EA90D97100D9 /* VoiceTranscript.swift */ = {isa = PBXFileReference; includeInIndex = 1; lastKnownFileType = sourcecode.swift; path = VoiceTranscript.swift; sourceTree = "<group>"; };
		099C971A1946B0E892D9358A /* GeminiLiveCodec.swift */ = {isa = PBXFileReference; includeInIndex = 1; lastKnownFileType = sourcecode.swift; path = GeminiLiveCodec.swift; sourceTree = "<group>"; };
		0AC88843A54F47BA1012348A /* GeminiLiveClient.swift */ = {isa = PBXFileReference; includeInIndex = 1; lastKnownFileType = sourcecode.swift; path = GeminiLiveClient.swift; sourceTree = "<group>"; };
		0B274147B0BE9AA6A6ADDF78 /* PCMConverter.swift */ = {isa = PBXFileReference; includeInIndex = 1; lastKnownFileType = sourcecode.swift; path = PCMConverter.swift; sourceTree = "<group>"; };
		0E3A27173FF16F5E7DBC2003 /* EphemeralTokenTests.swift */ = {isa = PBXFileReference; includeInIndex = 1; lastKnownFileType = sourcecode.swift; path = EphemeralTokenTests.swift; sourceTree = "<group>"; };
		17887174AB0CD6F959485BF1 /* VoiceTranscriptTests.swift */ = {isa = PBXFileReference; includeInIndex = 1; lastKnownFileType = sourcecode.swift; path = VoiceTranscriptTests.swift; sourceTree = "<group>"; };
		191DF8A54918B2F460735453 /* VoiceAudioEngine.swift */ = {isa = PBXFileReference; includeInIndex = 1; lastKnownFileType = sourcecode.swift; path = VoiceAudioEngine.swift; sourceTree = "<group>"; };
		2B4509B5C94F65C5466E3ADE /* VoiceToolRunnerTests.swift */ = {isa = PBXFileReference; includeInIndex = 1; lastKnownFileType = sourcecode.swift; path = VoiceToolRunnerTests.swift; sourceTree = "<group>"; };
		34957746CE7E5DA61AC5149A /* PCMConverterTests.swift */ = {isa = PBXFileReference; includeInIndex = 1; lastKnownFileType = sourcecode.swift; path = PCMConverterTests.swift; sourceTree = "<group>"; };
		37DEFCC58E07BF48CF532F9D /* GeminiLiveSocket.swift */ = {isa = PBXFileReference; includeInIndex = 1; lastKnownFileType = sourcecode.swift; path = GeminiLiveSocket.swift; sourceTree = "<group>"; };
		5DE4D0615E3C63C4C9EE2206 /* GeminiLiveClientTests.swift */ = {isa = PBXFileReference; includeInIndex = 1; lastKnownFileType = sourcecode.swift; path = GeminiLiveClientTests.swift; sourceTree = "<group>"; };
		6A272834699FEDEC1F4899A5 /* ChatLayoutBudgetTests.swift */ = {isa = PBXFileReference; includeInIndex = 1; lastKnownFileType = sourcecode.swift; path = ChatLayoutBudgetTests.swift; sourceTree = "<group>"; };
		6D663DEDC405191D0833C9B6 /* VoiceJSONValue.swift */ = {isa = PBXFileReference; includeInIndex = 1; lastKnownFileType = sourcecode.swift; path = VoiceJSONValue.swift; sourceTree = "<group>"; };
		89532A21EDFEC837F0AB3A5C /* VoiceToolRunner.swift */ = {isa = PBXFileReference; includeInIndex = 1; lastKnownFileType = sourcecode.swift; path = VoiceToolRunner.swift; sourceTree = "<group>"; };
		9D5A200966EBAD61C16887A4 /* VoiceSessionViewModelTests.swift */ = {isa = PBXFileReference; includeInIndex = 1; lastKnownFileType = sourcecode.swift; path = VoiceSessionViewModelTests.swift; sourceTree = "<group>"; };
		A1DFADA16CF47BFC609852F9 /* VoiceView.swift */ = {isa = PBXFileReference; includeInIndex = 1; lastKnownFileType = sourcecode.swift; path = VoiceView.swift; sourceTree = "<group>"; };
		B10001 /* FamilyAssistantApp.swift */ = {isa = PBXFileReference; lastKnownFileType = sourcecode.swift; path = FamilyAssistantApp.swift; sourceTree = "<group>"; };
		B10002 /* ContentView.swift */ = {isa = PBXFileReference; lastKnownFileType = sourcecode.swift; path = ContentView.swift; sourceTree = "<group>"; };
		B10003 /* KeychainHelper.swift */ = {isa = PBXFileReference; lastKnownFileType = sourcecode.swift; path = KeychainHelper.swift; sourceTree = "<group>"; };
		B10004 /* AuthManager.swift */ = {isa = PBXFileReference; lastKnownFileType = sourcecode.swift; path = AuthManager.swift; sourceTree = "<group>"; };
		B10005 /* SetupView.swift */ = {isa = PBXFileReference; lastKnownFileType = sourcecode.swift; path = SetupView.swift; sourceTree = "<group>"; };
		B10006 /* WebViewContainer.swift */ = {isa = PBXFileReference; lastKnownFileType = sourcecode.swift; path = WebViewContainer.swift; sourceTree = "<group>"; };
		B10008 /* Assets.xcassets */ = {isa = PBXFileReference; lastKnownFileType = folder.assetcatalog; path = Assets.xcassets; sourceTree = "<group>"; };
		B10009 /* Info.plist */ = {isa = PBXFileReference; lastKnownFileType = text.plist.xml; path = Info.plist; sourceTree = "<group>"; };
		7A1C0FE3D24B8915C0770002 /* PrivacyInfo.xcprivacy */ = {isa = PBXFileReference; lastKnownFileType = text.plist.xml; path = PrivacyInfo.xcprivacy; sourceTree = "<group>"; };
		B10010 /* FamilyAssistant.app */ = {isa = PBXFileReference; explicitFileType = wrapper.application; includeInIndex = 0; path = FamilyAssistant.app; sourceTree = BUILT_PRODUCTS_DIR; };
		B10011 /* AppDelegate.swift */ = {isa = PBXFileReference; lastKnownFileType = sourcecode.swift; path = AppDelegate.swift; sourceTree = "<group>"; };
		B10012 /* NotificationManager.swift */ = {isa = PBXFileReference; lastKnownFileType = sourcecode.swift; path = NotificationManager.swift; sourceTree = "<group>"; };
		B10013 /* FamilyAssistant.entitlements */ = {isa = PBXFileReference; lastKnownFileType = text.plist.entitlements; path = FamilyAssistant.entitlements; sourceTree = "<group>"; };
		B10014 /* AppRouting.swift */ = {isa = PBXFileReference; lastKnownFileType = sourcecode.swift; path = AppRouting.swift; sourceTree = "<group>"; };
		B10016 /* NotesAPIClient.swift */ = {isa = PBXFileReference; lastKnownFileType = sourcecode.swift; path = NotesAPIClient.swift; sourceTree = "<group>"; };
		B10017 /* NotesRootView.swift */ = {isa = PBXFileReference; lastKnownFileType = sourcecode.swift; path = NotesRootView.swift; sourceTree = "<group>"; };
		B10018 /* NotesListView.swift */ = {isa = PBXFileReference; lastKnownFileType = sourcecode.swift; path = NotesListView.swift; sourceTree = "<group>"; };
		B10019 /* NoteDetailView.swift */ = {isa = PBXFileReference; lastKnownFileType = sourcecode.swift; path = NoteDetailView.swift; sourceTree = "<group>"; };
		B10020 /* NoteEditorView.swift */ = {isa = PBXFileReference; lastKnownFileType = sourcecode.swift; path = NoteEditorView.swift; sourceTree = "<group>"; };
		B10021 /* UITestConfiguration.swift */ = {isa = PBXFileReference; lastKnownFileType = sourcecode.swift; path = UITestConfiguration.swift; sourceTree = "<group>"; };
		B10022 /* ChatModels.swift */ = {isa = PBXFileReference; lastKnownFileType = sourcecode.swift; path = ChatModels.swift; sourceTree = "<group>"; };
		B10023 /* ChatAPIClient.swift */ = {isa = PBXFileReference; lastKnownFileType = sourcecode.swift; path = ChatAPIClient.swift; sourceTree = "<group>"; };
		B10024 /* SSEParser.swift */ = {isa = PBXFileReference; lastKnownFileType = sourcecode.swift; path = SSEParser.swift; sourceTree = "<group>"; };
		B10047 /* PathMonitoring.swift */ = {isa = PBXFileReference; lastKnownFileType = sourcecode.swift; path = PathMonitoring.swift; sourceTree = "<group>"; };
		B10048 /* SyncCoordinator.swift */ = {isa = PBXFileReference; lastKnownFileType = sourcecode.swift; path = SyncCoordinator.swift; sourceTree = "<group>"; };
		B10049 /* ActiveTurnSession.swift */ = {isa = PBXFileReference; lastKnownFileType = sourcecode.swift; path = ActiveTurnSession.swift; sourceTree = "<group>"; };
		B10025 /* ChatViewModel.swift */ = {isa = PBXFileReference; lastKnownFileType = sourcecode.swift; path = ChatViewModel.swift; sourceTree = "<group>"; };
		B10026 /* ChatViews.swift */ = {isa = PBXFileReference; lastKnownFileType = sourcecode.swift; path = ChatViews.swift; sourceTree = "<group>"; };
		B10027 /* ConfirmationModalView.swift */ = {isa = PBXFileReference; lastKnownFileType = sourcecode.swift; path = ConfirmationModalView.swift; sourceTree = "<group>"; };
		B10030 /* RootTabView.swift */ = {isa = PBXFileReference; lastKnownFileType = sourcecode.swift; path = RootTabView.swift; sourceTree = "<group>"; };
		B10031 /* WebDestinationView.swift */ = {isa = PBXFileReference; lastKnownFileType = sourcecode.swift; path = WebDestinationView.swift; sourceTree = "<group>"; };
		B10032 /* MoreTabView.swift */ = {isa = PBXFileReference; lastKnownFileType = sourcecode.swift; path = MoreTabView.swift; sourceTree = "<group>"; };
		B10040 /* IntentSupport.swift */ = {isa = PBXFileReference; lastKnownFileType = sourcecode.swift; path = IntentSupport.swift; sourceTree = "<group>"; };
		B10041 /* AskAssistantIntent.swift */ = {isa = PBXFileReference; lastKnownFileType = sourcecode.swift; path = AskAssistantIntent.swift; sourceTree = "<group>"; };
		B10042 /* QuickCaptureIntent.swift */ = {isa = PBXFileReference; lastKnownFileType = sourcecode.swift; path = QuickCaptureIntent.swift; sourceTree = "<group>"; };
		B10043 /* CreateNoteIntent.swift */ = {isa = PBXFileReference; lastKnownFileType = sourcecode.swift; path = CreateNoteIntent.swift; sourceTree = "<group>"; };
		B10044 /* OpenConversationIntent.swift */ = {isa = PBXFileReference; lastKnownFileType = sourcecode.swift; path = OpenConversationIntent.swift; sourceTree = "<group>"; };
		B10045 /* AssistantReplySnippet.swift */ = {isa = PBXFileReference; lastKnownFileType = sourcecode.swift; path = AssistantReplySnippet.swift; sourceTree = "<group>"; };
		B10046 /* FamilyAssistantAppShortcuts.swift */ = {isa = PBXFileReference; lastKnownFileType = sourcecode.swift; path = FamilyAssistantAppShortcuts.swift; sourceTree = "<group>"; };
		B10050 /* ErrorReporter.swift */ = {isa = PBXFileReference; lastKnownFileType = sourcecode.swift; path = ErrorReporter.swift; sourceTree = "<group>"; };
		B10051 /* ResyncOrchestrator.swift */ = {isa = PBXFileReference; lastKnownFileType = sourcecode.swift; path = ResyncOrchestrator.swift; sourceTree = "<group>"; };
		B10052 /* ChatErrorClassifier.swift */ = {isa = PBXFileReference; lastKnownFileType = sourcecode.swift; path = ChatErrorClassifier.swift; sourceTree = "<group>"; };
		B10053 /* SharedConversationView.swift */ = {isa = PBXFileReference; lastKnownFileType = sourcecode.swift; path = SharedConversationView.swift; sourceTree = "<group>"; };
		B20001 /* FamilyAssistantTests.xctest */ = {isa = PBXFileReference; explicitFileType = wrapper.cfbundle; includeInIndex = 0; path = FamilyAssistantTests.xctest; sourceTree = BUILT_PRODUCTS_DIR; };
		B20002 /* RouteTests.swift */ = {isa = PBXFileReference; lastKnownFileType = sourcecode.swift; path = RouteTests.swift; sourceTree = "<group>"; };
		B20003 /* NotesModelTests.swift */ = {isa = PBXFileReference; lastKnownFileType = sourcecode.swift; path = NotesModelTests.swift; sourceTree = "<group>"; };
		B20004 /* NotesAPIClientTests.swift */ = {isa = PBXFileReference; lastKnownFileType = sourcecode.swift; path = NotesAPIClientTests.swift; sourceTree = "<group>"; };
		B20005 /* AuthManagerTests.swift */ = {isa = PBXFileReference; lastKnownFileType = sourcecode.swift; path = AuthManagerTests.swift; sourceTree = "<group>"; };
		B20006 /* NotificationManagerTests.swift */ = {isa = PBXFileReference; lastKnownFileType = sourcecode.swift; path = NotificationManagerTests.swift; sourceTree = "<group>"; };
		B20007 /* ChatAPIClientTests.swift */ = {isa = PBXFileReference; lastKnownFileType = sourcecode.swift; path = ChatAPIClientTests.swift; sourceTree = "<group>"; };
		B20008 /* SSEParserTests.swift */ = {isa = PBXFileReference; lastKnownFileType = sourcecode.swift; path = SSEParserTests.swift; sourceTree = "<group>"; };
		B20021 /* StubPathMonitor.swift */ = {isa = PBXFileReference; lastKnownFileType = sourcecode.swift; path = StubPathMonitor.swift; sourceTree = "<group>"; };
		B20022 /* SyncCoordinatorTests.swift */ = {isa = PBXFileReference; lastKnownFileType = sourcecode.swift; path = SyncCoordinatorTests.swift; sourceTree = "<group>"; };
		B20023 /* ResyncOrchestratorTests.swift */ = {isa = PBXFileReference; lastKnownFileType = sourcecode.swift; path = ResyncOrchestratorTests.swift; sourceTree = "<group>"; };
		B20024 /* ChatErrorClassifierTests.swift */ = {isa = PBXFileReference; lastKnownFileType = sourcecode.swift; path = ChatErrorClassifierTests.swift; sourceTree = "<group>"; };
		B20009 /* ChatViewModelTests.swift */ = {isa = PBXFileReference; lastKnownFileType = sourcecode.swift; path = ChatViewModelTests.swift; sourceTree = "<group>"; };
		B20010 /* MarkdownRendererTests.swift */ = {isa = PBXFileReference; lastKnownFileType = sourcecode.swift; path = MarkdownRendererTests.swift; sourceTree = "<group>"; };
		B20011 /* ToolRenderingTests.swift */ = {isa = PBXFileReference; lastKnownFileType = sourcecode.swift; path = ToolRenderingTests.swift; sourceTree = "<group>"; };
		B20012 /* ConfirmationModalModelTests.swift */ = {isa = PBXFileReference; lastKnownFileType = sourcecode.swift; path = ConfirmationModalModelTests.swift; sourceTree = "<group>"; };
		B20013 /* AppIntentsTests.swift */ = {isa = PBXFileReference; lastKnownFileType = sourcecode.swift; path = AppIntentsTests.swift; sourceTree = "<group>"; };
		B20020 /* ErrorReporterTests.swift */ = {isa = PBXFileReference; lastKnownFileType = sourcecode.swift; path = ErrorReporterTests.swift; sourceTree = "<group>"; };
		B30001 /* FamilyAssistantUITests.xctest */ = {isa = PBXFileReference; explicitFileType = wrapper.cfbundle; includeInIndex = 0; path = FamilyAssistantUITests.xctest; sourceTree = BUILT_PRODUCTS_DIR; };
		B30002 /* FamilyAssistantUITests.swift */ = {isa = PBXFileReference; lastKnownFileType = sourcecode.swift; path = FamilyAssistantUITests.swift; sourceTree = "<group>"; };
		B30010 /* ChatSceneWiringUITests.swift */ = {isa = PBXFileReference; lastKnownFileType = sourcecode.swift; path = ChatSceneWiringUITests.swift; sourceTree = "<group>"; };
		5D6E7F8091A2B3C4D5E6F708 /* SimulatorVoiceAudioIOTests.swift */ = {isa = PBXFileReference; includeInIndex = 1; lastKnownFileType = sourcecode.swift; path = SimulatorVoiceAudioIOTests.swift; sourceTree = "<group>"; };
		BAFF01F579AC57F9B68D2E5D /* VoiceSessionViewModel.swift */ = {isa = PBXFileReference; includeInIndex = 1; lastKnownFileType = sourcecode.swift; path = VoiceSessionViewModel.swift; sourceTree = "<group>"; };
		D44CE4F8F09FB4DC3FBEB26F /* GeminiLiveModels.swift */ = {isa = PBXFileReference; includeInIndex = 1; lastKnownFileType = sourcecode.swift; path = GeminiLiveModels.swift; sourceTree = "<group>"; };
		E436E5C30F0972F78B8B2990 /* GeminiLiveCodecTests.swift */ = {isa = PBXFileReference; includeInIndex = 1; lastKnownFileType = sourcecode.swift; path = GeminiLiveCodecTests.swift; sourceTree = "<group>"; };
/* End PBXFileReference section */

/* Begin PBXFrameworksBuildPhase section */
		C10001 /* Frameworks */ = {
			isa = PBXFrameworksBuildPhase;
			buildActionMask = 2147483647;
			files = (
				A10024 /* Markdown in Frameworks */,
			);
			runOnlyForDeploymentPostprocessing = 0;
		};
		C20001 /* Frameworks */ = {
			isa = PBXFrameworksBuildPhase;
			buildActionMask = 2147483647;
			files = (
			);
			runOnlyForDeploymentPostprocessing = 0;
		};
		C30001 /* Frameworks */ = {
			isa = PBXFrameworksBuildPhase;
			buildActionMask = 2147483647;
			files = (
			);
			runOnlyForDeploymentPostprocessing = 0;
		};
/* End PBXFrameworksBuildPhase section */

/* Begin PBXGroup section */
		2FC8B65BEA93F1F3A1A0192B /* Voice */ = {
			isa = PBXGroup;
			children = (
				D44CE4F8F09FB4DC3FBEB26F /* GeminiLiveModels.swift */,
				099C971A1946B0E892D9358A /* GeminiLiveCodec.swift */,
				37DEFCC58E07BF48CF532F9D /* GeminiLiveSocket.swift */,
				0AC88843A54F47BA1012348A /* GeminiLiveClient.swift */,
				6D663DEDC405191D0833C9B6 /* VoiceJSONValue.swift */,
				0B274147B0BE9AA6A6ADDF78 /* PCMConverter.swift */,
				191DF8A54918B2F460735453 /* VoiceAudioEngine.swift */,
				89532A21EDFEC837F0AB3A5C /* VoiceToolRunner.swift */,
				03E11DABDDB4EA90D97100D9 /* VoiceTranscript.swift */,
				BAFF01F579AC57F9B68D2E5D /* VoiceSessionViewModel.swift */,
				A1DFADA16CF47BFC609852F9 /* VoiceView.swift */,
			);
			name = Voice;
			path = Voice;
			sourceTree = "<group>";
		};
		D10001 = {
			isa = PBXGroup;
			children = (
				D10002 /* FamilyAssistant */,
				D20001 /* FamilyAssistantTests */,
				D30001 /* FamilyAssistantUITests */,
				D10005 /* Products */,
			);
			sourceTree = "<group>";
		};
		D10002 /* FamilyAssistant */ = {
			isa = PBXGroup;
			children = (
				B10001 /* FamilyAssistantApp.swift */,
				B10002 /* ContentView.swift */,
				B10014 /* AppRouting.swift */,
				B10030 /* RootTabView.swift */,
				B10032 /* MoreTabView.swift */,
				D10003 /* Auth */,
				D10004 /* WebView */,
				D10006 /* Notifications */,
				D10007 /* Notes */,
				D10009 /* Chat */,
				D10010 /* Intents */,
				D10011 /* ErrorReporting */,
				D10008 /* UITesting */,
				B10008 /* Assets.xcassets */,
				B10009 /* Info.plist */,
				7A1C0FE3D24B8915C0770002 /* PrivacyInfo.xcprivacy */,
				B10013 /* FamilyAssistant.entitlements */,
				2FC8B65BEA93F1F3A1A0192B /* Voice */,
			);
			path = FamilyAssistant;
			sourceTree = "<group>";
		};
		D10003 /* Auth */ = {
			isa = PBXGroup;
			children = (
				B10003 /* KeychainHelper.swift */,
				B10004 /* AuthManager.swift */,
				B10005 /* SetupView.swift */,
			);
			path = Auth;
			sourceTree = "<group>";
		};
		D10004 /* WebView */ = {
			isa = PBXGroup;
			children = (
				B10006 /* WebViewContainer.swift */,
				B10031 /* WebDestinationView.swift */,
			);
			path = WebView;
			sourceTree = "<group>";
		};
		D10005 /* Products */ = {
			isa = PBXGroup;
			children = (
				B10010 /* FamilyAssistant.app */,
				B20001 /* FamilyAssistantTests.xctest */,
				B30001 /* FamilyAssistantUITests.xctest */,
			);
			name = Products;
			sourceTree = "<group>";
		};
		D10006 /* Notifications */ = {
			isa = PBXGroup;
			children = (
				B10011 /* AppDelegate.swift */,
				B10012 /* NotificationManager.swift */,
				B10027 /* ConfirmationModalView.swift */,
			);
			path = Notifications;
			sourceTree = "<group>";
		};
		D10007 /* Notes */ = {
			isa = PBXGroup;
			children = (
				B10016 /* NotesAPIClient.swift */,
				B10017 /* NotesRootView.swift */,
				B10018 /* NotesListView.swift */,
				B10019 /* NoteDetailView.swift */,
				B10020 /* NoteEditorView.swift */,
			);
			path = Notes;
			sourceTree = "<group>";
		};
		D10008 /* UITesting */ = {
			isa = PBXGroup;
			children = (
				B10021 /* UITestConfiguration.swift */,
			);
			path = UITesting;
			sourceTree = "<group>";
		};
		D10009 /* Chat */ = {
			isa = PBXGroup;
			children = (
				B10022 /* ChatModels.swift */,
				B10023 /* ChatAPIClient.swift */,
				B10024 /* SSEParser.swift */,
				B10025 /* ChatViewModel.swift */,
				B10026 /* ChatViews.swift */,
				B10047 /* PathMonitoring.swift */,
				B10048 /* SyncCoordinator.swift */,
				B10049 /* ActiveTurnSession.swift */,
				B10051 /* ResyncOrchestrator.swift */,
				B10052 /* ChatErrorClassifier.swift */,
				B10053 /* SharedConversationView.swift */,
			);
			path = Chat;
			sourceTree = "<group>";
		};
		D10010 /* Intents */ = {
			isa = PBXGroup;
			children = (
				B10040 /* IntentSupport.swift */,
				B10041 /* AskAssistantIntent.swift */,
				B10042 /* QuickCaptureIntent.swift */,
				B10043 /* CreateNoteIntent.swift */,
				B10044 /* OpenConversationIntent.swift */,
				B10045 /* AssistantReplySnippet.swift */,
				B10046 /* FamilyAssistantAppShortcuts.swift */,
			);
			path = Intents;
			sourceTree = "<group>";
		};
		D10011 /* ErrorReporting */ = {
			isa = PBXGroup;
			children = (
				B10050 /* ErrorReporter.swift */,
			);
			path = ErrorReporting;
			sourceTree = "<group>";
		};
		D20001 /* FamilyAssistantTests */ = {
			isa = PBXGroup;
			children = (
				B20002 /* RouteTests.swift */,
				B20003 /* NotesModelTests.swift */,
				B20004 /* NotesAPIClientTests.swift */,
				B20005 /* AuthManagerTests.swift */,
				B20006 /* NotificationManagerTests.swift */,
				B20007 /* ChatAPIClientTests.swift */,
				B20008 /* SSEParserTests.swift */,
				B20009 /* ChatViewModelTests.swift */,
				B20010 /* MarkdownRendererTests.swift */,
				B20011 /* ToolRenderingTests.swift */,
				B20013 /* AppIntentsTests.swift */,
				B20012 /* ConfirmationModalModelTests.swift */,
				B20020 /* ErrorReporterTests.swift */,
				E436E5C30F0972F78B8B2990 /* GeminiLiveCodecTests.swift */,
				5D6E7F8091A2B3C4D5E6F708 /* SimulatorVoiceAudioIOTests.swift */,
				5DE4D0615E3C63C4C9EE2206 /* GeminiLiveClientTests.swift */,
				0E3A27173FF16F5E7DBC2003 /* EphemeralTokenTests.swift */,
				34957746CE7E5DA61AC5149A /* PCMConverterTests.swift */,
				2B4509B5C94F65C5466E3ADE /* VoiceToolRunnerTests.swift */,
				17887174AB0CD6F959485BF1 /* VoiceTranscriptTests.swift */,
				9D5A200966EBAD61C16887A4 /* VoiceSessionViewModelTests.swift */,
				6A272834699FEDEC1F4899A5 /* ChatLayoutBudgetTests.swift */,
				B20021 /* StubPathMonitor.swift */,
				B20022 /* SyncCoordinatorTests.swift */,
				B20023 /* ResyncOrchestratorTests.swift */,
				B20024 /* ChatErrorClassifierTests.swift */,
			);
			path = FamilyAssistantTests;
			sourceTree = "<group>";
		};
		D30001 /* FamilyAssistantUITests */ = {
			isa = PBXGroup;
			children = (
				B30002 /* FamilyAssistantUITests.swift */,
				B30010 /* ChatSceneWiringUITests.swift */,
			);
			path = FamilyAssistantUITests;
			sourceTree = "<group>";
		};
/* End PBXGroup section */

/* Begin PBXNativeTarget section */
		E10001 /* FamilyAssistant */ = {
			isa = PBXNativeTarget;
			buildConfigurationList = F10003 /* Build configuration list for PBXNativeTarget "FamilyAssistant" */;
			buildPhases = (
				C10002 /* Sources */,
				C10001 /* Frameworks */,
				C10003 /* Resources */,
			);
			buildRules = (
			);
			dependencies = (
			);
			name = FamilyAssistant;
			packageProductDependencies = (
				H10002 /* Markdown */,
			);
			productName = FamilyAssistant;
			productReference = B10010 /* FamilyAssistant.app */;
			productType = "com.apple.product-type.application";
		};
		E20001 /* FamilyAssistantTests */ = {
			isa = PBXNativeTarget;
			buildConfigurationList = F20001 /* Build configuration list for PBXNativeTarget "FamilyAssistantTests" */;
			buildPhases = (
				C20003 /* Sources */,
				C20001 /* Frameworks */,
				C20002 /* Resources */,
			);
			buildRules = (
			);
			dependencies = (
				G20001 /* PBXTargetDependency */,
			);
			name = FamilyAssistantTests;
			productName = FamilyAssistantTests;
			productReference = B20001 /* FamilyAssistantTests.xctest */;
			productType = "com.apple.product-type.bundle.unit-test";
		};
		E30001 /* FamilyAssistantUITests */ = {
			isa = PBXNativeTarget;
			buildConfigurationList = F30001 /* Build configuration list for PBXNativeTarget "FamilyAssistantUITests" */;
			buildPhases = (
				C30003 /* Sources */,
				C30001 /* Frameworks */,
				C30002 /* Resources */,
			);
			buildRules = (
			);
			dependencies = (
				G30001 /* PBXTargetDependency */,
			);
			name = FamilyAssistantUITests;
			productName = FamilyAssistantUITests;
			productReference = B30001 /* FamilyAssistantUITests.xctest */;
			productType = "com.apple.product-type.bundle.ui-testing";
		};
/* End PBXNativeTarget section */

/* Begin PBXProject section */
		E10002 /* Project object */ = {
			isa = PBXProject;
			attributes = {
				BuildIndependentTargetsInParallel = 1;
				LastSwiftUpdateCheck = 1540;
				LastUpgradeCheck = 1540;
				TargetAttributes = {
					E10001 = {
						CreatedOnToolsVersion = 15.4;
						SystemCapabilities = {
							com.apple.SafariKeychain = {
								enabled = 1;
							};
						};
					};
					E20001 = {
						CreatedOnToolsVersion = 15.4;
						TestTargetID = E10001;
					};
					E30001 = {
						CreatedOnToolsVersion = 15.4;
						TestTargetID = E10001;
					};
				};
			};
			buildConfigurationList = F10001 /* Build configuration list for PBXProject "FamilyAssistant" */;
			compatibilityVersion = "Xcode 14.0";
			developmentRegion = en;
			hasScannedForEncodings = 0;
			knownRegions = (
				en,
				Base,
			);
			mainGroup = D10001;
			packageReferences = (
				H10001 /* XCRemoteSwiftPackageReference "swift-markdown" */,
			);
			productRefGroup = D10005 /* Products */;
			projectDirPath = "";
			projectRoot = "";
			targets = (
				E10001 /* FamilyAssistant */,
				E20001 /* FamilyAssistantTests */,
				E30001 /* FamilyAssistantUITests */,
			);
		};
/* End PBXProject section */

/* Begin PBXResourcesBuildPhase section */
		C10003 /* Resources */ = {
			isa = PBXResourcesBuildPhase;
			buildActionMask = 2147483647;
			files = (
				A10008 /* Assets.xcassets in Resources */,
				7A1C0FE3D24B8915C0770001 /* PrivacyInfo.xcprivacy in Resources */,
			);
			runOnlyForDeploymentPostprocessing = 0;
		};
		C20002 /* Resources */ = {
			isa = PBXResourcesBuildPhase;
			buildActionMask = 2147483647;
			files = (
			);
			runOnlyForDeploymentPostprocessing = 0;
		};
		C30002 /* Resources */ = {
			isa = PBXResourcesBuildPhase;
			buildActionMask = 2147483647;
			files = (
			);
			runOnlyForDeploymentPostprocessing = 0;
		};
/* End PBXResourcesBuildPhase section */

/* Begin PBXSourcesBuildPhase section */
		C10002 /* Sources */ = {
			isa = PBXSourcesBuildPhase;
			buildActionMask = 2147483647;
			files = (
				A10001 /* FamilyAssistantApp.swift in Sources */,
				A10002 /* ContentView.swift in Sources */,
				A10003 /* KeychainHelper.swift in Sources */,
				A10004 /* AuthManager.swift in Sources */,
				A10005 /* SetupView.swift in Sources */,
				A10006 /* WebViewContainer.swift in Sources */,
				A10031 /* WebDestinationView.swift in Sources */,
				A10009 /* AppDelegate.swift in Sources */,
				A10010 /* NotificationManager.swift in Sources */,
				A10011 /* AppRouting.swift in Sources */,
				A10030 /* RootTabView.swift in Sources */,
				A10032 /* MoreTabView.swift in Sources */,
				A10013 /* NotesAPIClient.swift in Sources */,
				A10014 /* NotesRootView.swift in Sources */,
				A10015 /* NotesListView.swift in Sources */,
				A10016 /* NoteDetailView.swift in Sources */,
				A10017 /* NoteEditorView.swift in Sources */,
				A10018 /* UITestConfiguration.swift in Sources */,
				A10019 /* ChatModels.swift in Sources */,
				A10020 /* ChatAPIClient.swift in Sources */,
				A10021 /* SSEParser.swift in Sources */,
				A10047 /* PathMonitoring.swift in Sources */,
				A10048 /* SyncCoordinator.swift in Sources */,
				A10049 /* ActiveTurnSession.swift in Sources */,
				A10022 /* ChatViewModel.swift in Sources */,
				A10023 /* ChatViews.swift in Sources */,
				A10040 /* IntentSupport.swift in Sources */,
				A10041 /* AskAssistantIntent.swift in Sources */,
				A10042 /* QuickCaptureIntent.swift in Sources */,
				A10043 /* CreateNoteIntent.swift in Sources */,
				A10044 /* OpenConversationIntent.swift in Sources */,
				A10045 /* AssistantReplySnippet.swift in Sources */,
				A10046 /* FamilyAssistantAppShortcuts.swift in Sources */,
				A10025 /* ConfirmationModalView.swift in Sources */,
				A10050 /* ErrorReporter.swift in Sources */,
				A10051 /* ResyncOrchestrator.swift in Sources */,
				A10052 /* ChatErrorClassifier.swift in Sources */,
				A10053 /* SharedConversationView.swift in Sources */,
				D0F574A4B1DB1233913FABAD /* GeminiLiveModels.swift in Sources */,
				2ABFDD16D062601B9E6B3852 /* GeminiLiveCodec.swift in Sources */,
				EF8E1CBADFFFEADB737479EA /* GeminiLiveSocket.swift in Sources */,
				FD6DA9F02EC2DD763450746B /* GeminiLiveClient.swift in Sources */,
				DD63882BED34E2B8AC4AE7EA /* VoiceJSONValue.swift in Sources */,
				213AE766AAD6238AEA08C2A9 /* PCMConverter.swift in Sources */,
				EF5CFF1C03B3F01CCD627054 /* VoiceAudioEngine.swift in Sources */,
				321751B615B790F311E52249 /* VoiceToolRunner.swift in Sources */,
				655619EB2F1F9C5B87CD3B8E /* VoiceTranscript.swift in Sources */,
				E8B69F70B36D06EDB7911C45 /* VoiceSessionViewModel.swift in Sources */,
				2ED6AA4CE512DAAFEB6C3404 /* VoiceView.swift in Sources */,
			);
			runOnlyForDeploymentPostprocessing = 0;
		};
		C20003 /* Sources */ = {
			isa = PBXSourcesBuildPhase;
			buildActionMask = 2147483647;
			files = (
				A20001 /* RouteTests.swift in Sources */,
				A20002 /* NotesModelTests.swift in Sources */,
				A20003 /* NotesAPIClientTests.swift in Sources */,
				A20004 /* AuthManagerTests.swift in Sources */,
				A20005 /* NotificationManagerTests.swift in Sources */,
				A20006 /* ChatAPIClientTests.swift in Sources */,
				A20007 /* SSEParserTests.swift in Sources */,
				A20021 /* StubPathMonitor.swift in Sources */,
				A20022 /* SyncCoordinatorTests.swift in Sources */,
				A20023 /* ResyncOrchestratorTests.swift in Sources */,
				A20024 /* ChatErrorClassifierTests.swift in Sources */,
				A20008 /* ChatViewModelTests.swift in Sources */,
				A20009 /* MarkdownRendererTests.swift in Sources */,
				A20010 /* ToolRenderingTests.swift in Sources */,
				A20012 /* AppIntentsTests.swift in Sources */,
				A20011 /* ConfirmationModalModelTests.swift in Sources */,
				A20020 /* ErrorReporterTests.swift in Sources */,
				B7AAF73E52D328506FAA7F4F /* GeminiLiveCodecTests.swift in Sources */,
				4C5F6A7B8C9D0E1F2A3B4C5D /* SimulatorVoiceAudioIOTests.swift in Sources */,
				24D4DDC9D7378629E9037704 /* GeminiLiveClientTests.swift in Sources */,
				3ED19B4DB96F7326A74A511D /* EphemeralTokenTests.swift in Sources */,
				B3D6F3BE9BB984B403AEE52E /* PCMConverterTests.swift in Sources */,
				091DA729DF332A031A84F715 /* VoiceToolRunnerTests.swift in Sources */,
				9CAF6331AB1E68F9BE224900 /* VoiceTranscriptTests.swift in Sources */,
				B7F030F107C950AD8C2BA887 /* VoiceSessionViewModelTests.swift in Sources */,
				369AFB32F99C2B9FB565EEE3 /* ChatLayoutBudgetTests.swift in Sources */,
			);
			runOnlyForDeploymentPostprocessing = 0;
		};
		C30003 /* Sources */ = {
			isa = PBXSourcesBuildPhase;
			buildActionMask = 2147483647;
			files = (
				A30001 /* FamilyAssistantUITests.swift in Sources */,
				A30010 /* ChatSceneWiringUITests.swift in Sources */,
			);
			runOnlyForDeploymentPostprocessing = 0;
		};
/* End PBXSourcesBuildPhase section */

/* Begin PBXTargetDependency section */
		G20001 /* PBXTargetDependency */ = {
			isa = PBXTargetDependency;
			target = E10001 /* FamilyAssistant */;
			targetProxy = G20002 /* PBXContainerItemProxy */;
		};
		G30001 /* PBXTargetDependency */ = {
			isa = PBXTargetDependency;
			target = E10001 /* FamilyAssistant */;
			targetProxy = G30002 /* PBXContainerItemProxy */;
		};
/* End PBXTargetDependency section */

/* Begin XCBuildConfiguration section */
		F10004 /* Debug */ = {
			isa = XCBuildConfiguration;
			buildSettings = {
				ALWAYS_SEARCH_USER_PATHS = NO;
				ASSETCATALOG_COMPILER_GENERATE_SWIFT_ASSET_SYMBOL_EXTENSIONS = YES;
				CLANG_ANALYZER_NONNULL = YES;
				CLANG_ANALYZER_NUMBER_OBJECT_CONVERSION = YES_AGGRESSIVE;
				CLANG_CXX_LANGUAGE_STANDARD = "gnu++20";
				CLANG_ENABLE_MODULES = YES;
				CLANG_ENABLE_OBJC_ARC = YES;
				CLANG_ENABLE_OBJC_WEAK = YES;
				CLANG_WARN_BLOCK_CAPTURE_AUTORELEASING = YES;
				CLANG_WARN_BOOL_CONVERSION = YES;
				CLANG_WARN_COMMA = YES;
				CLANG_WARN_CONSTANT_CONVERSION = YES;
				CLANG_WARN_DEPRECATED_OBJC_IMPLEMENTATIONS = YES;
				CLANG_WARN_DIRECT_OBJC_ISA_USAGE = YES_ERROR;
				CLANG_WARN_DOCUMENTATION_COMMENTS = YES;
				CLANG_WARN_EMPTY_BODY = YES;
				CLANG_WARN_ENUM_CONVERSION = YES;
				CLANG_WARN_INFINITE_RECURSION = YES;
				CLANG_WARN_INT_CONVERSION = YES;
				CLANG_WARN_NON_LITERAL_NULL_CONVERSION = YES;
				CLANG_WARN_OBJC_IMPLICIT_RETAIN_SELF = YES;
				CLANG_WARN_OBJC_LITERAL_CONVERSION = YES;
				CLANG_WARN_OBJC_ROOT_CLASS = YES_ERROR;
				CLANG_WARN_QUOTED_INCLUDE_IN_FRAMEWORK_HEADER = YES;
				CLANG_WARN_RANGE_LOOP_ANALYSIS = YES;
				CLANG_WARN_STRICT_PROTOTYPES = YES;
				CLANG_WARN_SUSPICIOUS_MOVE = YES;
				CLANG_WARN_UNGUARDED_AVAILABILITY = YES_AGGRESSIVE;
				CLANG_WARN_UNREACHABLE_CODE = YES;
				CLANG_WARN__DUPLICATE_METHOD_MATCH = YES;
				COPY_PHASE_STRIP = NO;
				DEBUG_INFORMATION_FORMAT = dwarf;
				ENABLE_STRICT_OBJC_MSGSEND = YES;
				ENABLE_TESTABILITY = YES;
				ENABLE_USER_SCRIPT_SANDBOXING = YES;
				GCC_C_LANGUAGE_STANDARD = gnu17;
				GCC_DYNAMIC_NO_PIC = NO;
				GCC_NO_COMMON_BLOCKS = YES;
				GCC_OPTIMIZATION_LEVEL = 0;
				GCC_PREPROCESSOR_DEFINITIONS = (
					"DEBUG=1",
					"$(inherited)",
				);
				GCC_WARN_64_TO_32_BIT_CONVERSION = YES;
				GCC_WARN_ABOUT_RETURN_TYPE = YES_ERROR;
				GCC_WARN_UNDECLARED_SELECTOR = YES;
				GCC_WARN_UNINITIALIZED_AUTOS = YES_AGGRESSIVE;
				GCC_WARN_UNUSED_FUNCTION = YES;
				GCC_WARN_UNUSED_VARIABLE = YES;
				IPHONEOS_DEPLOYMENT_TARGET = 17.0;
				LOCALIZATION_PREFERS_STRING_CATALOGS = YES;
				MTL_ENABLE_DEBUG_INFO = INCLUDE_SOURCE;
				MTL_FAST_MATH = YES;
				ONLY_ACTIVE_ARCH = YES;
				SDKROOT = iphoneos;
				SWIFT_ACTIVE_COMPILATION_CONDITIONS = "DEBUG $(inherited)";
				SWIFT_OPTIMIZATION_LEVEL = "-Onone";
			};
			name = Debug;
		};
		F10005 /* Release */ = {
			isa = XCBuildConfiguration;
			buildSettings = {
				ALWAYS_SEARCH_USER_PATHS = NO;
				ASSETCATALOG_COMPILER_GENERATE_SWIFT_ASSET_SYMBOL_EXTENSIONS = YES;
				CLANG_ANALYZER_NONNULL = YES;
				CLANG_ANALYZER_NUMBER_OBJECT_CONVERSION = YES_AGGRESSIVE;
				CLANG_CXX_LANGUAGE_STANDARD = "gnu++20";
				CLANG_ENABLE_MODULES = YES;
				CLANG_ENABLE_OBJC_ARC = YES;
				CLANG_ENABLE_OBJC_WEAK = YES;
				CLANG_WARN_BLOCK_CAPTURE_AUTORELEASING = YES;
				CLANG_WARN_BOOL_CONVERSION = YES;
				CLANG_WARN_COMMA = YES;
				CLANG_WARN_CONSTANT_CONVERSION = YES;
				CLANG_WARN_DEPRECATED_OBJC_IMPLEMENTATIONS = YES;
				CLANG_WARN_DIRECT_OBJC_ISA_USAGE = YES_ERROR;
				CLANG_WARN_DOCUMENTATION_COMMENTS = YES;
				CLANG_WARN_EMPTY_BODY = YES;
				CLANG_WARN_ENUM_CONVERSION = YES;
				CLANG_WARN_INFINITE_RECURSION = YES;
				CLANG_WARN_INT_CONVERSION = YES;
				CLANG_WARN_NON_LITERAL_NULL_CONVERSION = YES;
				CLANG_WARN_OBJC_IMPLICIT_RETAIN_SELF = YES;
				CLANG_WARN_OBJC_LITERAL_CONVERSION = YES;
				CLANG_WARN_OBJC_ROOT_CLASS = YES_ERROR;
				CLANG_WARN_QUOTED_INCLUDE_IN_FRAMEWORK_HEADER = YES;
				CLANG_WARN_RANGE_LOOP_ANALYSIS = YES;
				CLANG_WARN_STRICT_PROTOTYPES = YES;
				CLANG_WARN_SUSPICIOUS_MOVE = YES;
				CLANG_WARN_UNGUARDED_AVAILABILITY = YES_AGGRESSIVE;
				CLANG_WARN_UNREACHABLE_CODE = YES;
				CLANG_WARN__DUPLICATE_METHOD_MATCH = YES;
				COPY_PHASE_STRIP = NO;
				DEBUG_INFORMATION_FORMAT = "dwarf-with-dsym";
				ENABLE_NS_ASSERTIONS = NO;
				ENABLE_STRICT_OBJC_MSGSEND = YES;
				ENABLE_USER_SCRIPT_SANDBOXING = YES;
				GCC_C_LANGUAGE_STANDARD = gnu17;
				GCC_NO_COMMON_BLOCKS = YES;
				GCC_WARN_64_TO_32_BIT_CONVERSION = YES;
				GCC_WARN_ABOUT_RETURN_TYPE = YES_ERROR;
				GCC_WARN_UNDECLARED_SELECTOR = YES;
				GCC_WARN_UNINITIALIZED_AUTOS = YES_AGGRESSIVE;
				GCC_WARN_UNUSED_FUNCTION = YES;
				GCC_WARN_UNUSED_VARIABLE = YES;
				IPHONEOS_DEPLOYMENT_TARGET = 17.0;
				LOCALIZATION_PREFERS_STRING_CATALOGS = YES;
				MTL_ENABLE_DEBUG_INFO = NO;
				MTL_FAST_MATH = YES;
				SDKROOT = iphoneos;
				SWIFT_COMPILATION_MODE = wholemodule;
				VALIDATE_PRODUCT = YES;
			};
			name = Release;
		};
		F10006 /* Debug */ = {
			isa = XCBuildConfiguration;
			buildSettings = {
				APS_ENVIRONMENT = development;
				ASSETCATALOG_COMPILER_APPICON_NAME = AppIcon;
				ASSETCATALOG_COMPILER_GLOBAL_ACCENT_COLOR_NAME = AccentColor;
				CODE_SIGN_ENTITLEMENTS = FamilyAssistant/FamilyAssistant.entitlements;
				CODE_SIGN_STYLE = Automatic;
				CURRENT_PROJECT_VERSION = 1;
				DEVELOPMENT_TEAM = H7NBC2S52X;
				GENERATE_INFOPLIST_FILE = YES;
				INFOPLIST_FILE = FamilyAssistant/Info.plist;
				INFOPLIST_KEY_CFBundleDisplayName = "Family Assistant";
				INFOPLIST_KEY_UIApplicationSceneManifest_Generation = YES;
				INFOPLIST_KEY_UIApplicationSupportsIndirectInputEvents = YES;
				INFOPLIST_KEY_UILaunchScreen_Generation = YES;
				INFOPLIST_KEY_UISupportedInterfaceOrientations_iPad = "UIInterfaceOrientationPortrait UIInterfaceOrientationPortraitUpsideDown UIInterfaceOrientationLandscapeLeft UIInterfaceOrientationLandscapeRight";
				INFOPLIST_KEY_UISupportedInterfaceOrientations_iPhone = "UIInterfaceOrientationPortrait UIInterfaceOrientationLandscapeLeft UIInterfaceOrientationLandscapeRight";
				LD_RUNPATH_SEARCH_PATHS = (
					"$(inherited)",
					"@executable_path/Frameworks",
				);
				MARKETING_VERSION = 1.1;
				PRODUCT_BUNDLE_IDENTIFIER = dev.andrewgarrett.assistant;
				PRODUCT_NAME = "$(TARGET_NAME)";
				SWIFT_EMIT_LOC_STRINGS = YES;
				SWIFT_VERSION = 5.0;
				TARGETED_DEVICE_FAMILY = "1,2";
			};
			name = Debug;
		};
		F10007 /* Release */ = {
			isa = XCBuildConfiguration;
			buildSettings = {
				APS_ENVIRONMENT = production;
				ASSETCATALOG_COMPILER_APPICON_NAME = AppIcon;
				ASSETCATALOG_COMPILER_GLOBAL_ACCENT_COLOR_NAME = AccentColor;
				CODE_SIGN_ENTITLEMENTS = FamilyAssistant/FamilyAssistant.entitlements;
				CODE_SIGN_STYLE = Automatic;
				CURRENT_PROJECT_VERSION = 1;
				DEVELOPMENT_TEAM = H7NBC2S52X;
				GENERATE_INFOPLIST_FILE = YES;
				INFOPLIST_FILE = FamilyAssistant/Info.plist;
				INFOPLIST_KEY_CFBundleDisplayName = "Family Assistant";
				INFOPLIST_KEY_UIApplicationSceneManifest_Generation = YES;
				INFOPLIST_KEY_UIApplicationSupportsIndirectInputEvents = YES;
				INFOPLIST_KEY_UILaunchScreen_Generation = YES;
				INFOPLIST_KEY_UISupportedInterfaceOrientations_iPad = "UIInterfaceOrientationPortrait UIInterfaceOrientationPortraitUpsideDown UIInterfaceOrientationLandscapeLeft UIInterfaceOrientationLandscapeRight";
				INFOPLIST_KEY_UISupportedInterfaceOrientations_iPhone = "UIInterfaceOrientationPortrait UIInterfaceOrientationLandscapeLeft UIInterfaceOrientationLandscapeRight";
				LD_RUNPATH_SEARCH_PATHS = (
					"$(inherited)",
					"@executable_path/Frameworks",
				);
				MARKETING_VERSION = 1.1;
				PRODUCT_BUNDLE_IDENTIFIER = dev.andrewgarrett.assistant;
				PRODUCT_NAME = "$(TARGET_NAME)";
				SWIFT_EMIT_LOC_STRINGS = YES;
				SWIFT_VERSION = 5.0;
				TARGETED_DEVICE_FAMILY = "1,2";
			};
			name = Release;
		};
		F20002 /* Debug */ = {
			isa = XCBuildConfiguration;
			buildSettings = {
				BUNDLE_LOADER = "$(TEST_HOST)";
				CODE_SIGN_STYLE = Automatic;
				CURRENT_PROJECT_VERSION = 1;
				DEVELOPMENT_TEAM = H7NBC2S52X;
				GENERATE_INFOPLIST_FILE = YES;
				IPHONEOS_DEPLOYMENT_TARGET = 17.0;
				LD_RUNPATH_SEARCH_PATHS = (
					"$(inherited)",
					"@executable_path/Frameworks",
					"@loader_path/Frameworks",
				);
				MARKETING_VERSION = 1.1;
				PRODUCT_BUNDLE_IDENTIFIER = dev.andrewgarrett.assistant.tests;
				PRODUCT_NAME = "$(TARGET_NAME)";
				SWIFT_VERSION = 5.0;
				TARGETED_DEVICE_FAMILY = "1,2";
				TEST_HOST = "$(BUILT_PRODUCTS_DIR)/FamilyAssistant.app/$(BUNDLE_EXECUTABLE_FOLDER_PATH)/FamilyAssistant";
			};
			name = Debug;
		};
		F20003 /* Release */ = {
			isa = XCBuildConfiguration;
			buildSettings = {
				BUNDLE_LOADER = "$(TEST_HOST)";
				CODE_SIGN_STYLE = Automatic;
				CURRENT_PROJECT_VERSION = 1;
				DEVELOPMENT_TEAM = H7NBC2S52X;
				GENERATE_INFOPLIST_FILE = YES;
				IPHONEOS_DEPLOYMENT_TARGET = 17.0;
				LD_RUNPATH_SEARCH_PATHS = (
					"$(inherited)",
					"@executable_path/Frameworks",
					"@loader_path/Frameworks",
				);
				MARKETING_VERSION = 1.1;
				PRODUCT_BUNDLE_IDENTIFIER = dev.andrewgarrett.assistant.tests;
				PRODUCT_NAME = "$(TARGET_NAME)";
				SWIFT_VERSION = 5.0;
				TARGETED_DEVICE_FAMILY = "1,2";
				TEST_HOST = "$(BUILT_PRODUCTS_DIR)/FamilyAssistant.app/$(BUNDLE_EXECUTABLE_FOLDER_PATH)/FamilyAssistant";
			};
			name = Release;
		};
		F30002 /* Debug */ = {
			isa = XCBuildConfiguration;
			buildSettings = {
				CODE_SIGN_STYLE = Automatic;
				CURRENT_PROJECT_VERSION = 1;
				DEVELOPMENT_TEAM = H7NBC2S52X;
				GENERATE_INFOPLIST_FILE = YES;
				IPHONEOS_DEPLOYMENT_TARGET = 17.0;
				LD_RUNPATH_SEARCH_PATHS = (
					"$(inherited)",
					"@executable_path/Frameworks",
					"@loader_path/Frameworks",
				);
				MARKETING_VERSION = 1.1;
				PRODUCT_BUNDLE_IDENTIFIER = dev.andrewgarrett.assistant.uitests;
				PRODUCT_NAME = "$(TARGET_NAME)";
				SWIFT_VERSION = 5.0;
				TARGETED_DEVICE_FAMILY = "1,2";
				TEST_TARGET_NAME = FamilyAssistant;
			};
			name = Debug;
		};
		F30003 /* Release */ = {
			isa = XCBuildConfiguration;
			buildSettings = {
				CODE_SIGN_STYLE = Automatic;
				CURRENT_PROJECT_VERSION = 1;
				DEVELOPMENT_TEAM = H7NBC2S52X;
				GENERATE_INFOPLIST_FILE = YES;
				IPHONEOS_DEPLOYMENT_TARGET = 17.0;
				LD_RUNPATH_SEARCH_PATHS = (
					"$(inherited)",
					"@executable_path/Frameworks",
					"@loader_path/Frameworks",
				);
				MARKETING_VERSION = 1.1;
				PRODUCT_BUNDLE_IDENTIFIER = dev.andrewgarrett.assistant.uitests;
				PRODUCT_NAME = "$(TARGET_NAME)";
				SWIFT_VERSION = 5.0;
				TARGETED_DEVICE_FAMILY = "1,2";
				TEST_TARGET_NAME = FamilyAssistant;
			};
			name = Release;
		};
/* End XCBuildConfiguration section */

/* Begin XCConfigurationList section */
		F10001 /* Build configuration list for PBXProject "FamilyAssistant" */ = {
			isa = XCConfigurationList;
			buildConfigurations = (
				F10004 /* Debug */,
				F10005 /* Release */,
			);
			defaultConfigurationIsVisible = 0;
			defaultConfigurationName = Release;
		};
		F10003 /* Build configuration list for PBXNativeTarget "FamilyAssistant" */ = {
			isa = XCConfigurationList;
			buildConfigurations = (
				F10006 /* Debug */,
				F10007 /* Release */,
			);
			defaultConfigurationIsVisible = 0;
			defaultConfigurationName = Release;
		};
		F20001 /* Build configuration list for PBXNativeTarget "FamilyAssistantTests" */ = {
			isa = XCConfigurationList;
			buildConfigurations = (
				F20002 /* Debug */,
				F20003 /* Release */,
			);
			defaultConfigurationIsVisible = 0;
			defaultConfigurationName = Release;
		};
		F30001 /* Build configuration list for PBXNativeTarget "FamilyAssistantUITests" */ = {
			isa = XCConfigurationList;
			buildConfigurations = (
				F30002 /* Debug */,
				F30003 /* Release */,
			);
			defaultConfigurationIsVisible = 0;
			defaultConfigurationName = Release;
		};
/* End XCConfigurationList section */

/* Begin XCRemoteSwiftPackageReference section */
		H10001 /* XCRemoteSwiftPackageReference "swift-markdown" */ = {
			isa = XCRemoteSwiftPackageReference;
			repositoryURL = "https://github.com/swiftlang/swift-markdown.git";
			requirement = {
				kind = exactVersion;
				version = 0.8.0;
			};
		};
/* End XCRemoteSwiftPackageReference section */

/* Begin XCSwiftPackageProductDependency section */
		H10002 /* Markdown */ = {
			isa = XCSwiftPackageProductDependency;
			package = H10001 /* XCRemoteSwiftPackageReference "swift-markdown" */;
			productName = Markdown;
		};
/* End XCSwiftPackageProductDependency section */
	};
	rootObject = E10002 /* Project object */;
}
